
Microsoft Visual Studio Solution File, Format Version 12.00
# Visual Studio Version 16
VisualStudioVersion = 16.0.29709.97
MinimumVisualStudioVersion = 10.0.40219.1
Project("{FAE04EC0-301F-11D3-BF4B-00C04F79EFBC}") = "AdditionTaskWPF", "AdditionTaskWPF\AdditionTaskWPF.csproj", "{3F1120DB-8621-42CE-9FDF-10CBDB63E86D}"
EndProject
Project("{FAE04EC0-301F-11D3-BF4B-00C04F79EFBC}") = "TemperatureConverter", "Task2\TemperatureConverter.csproj", "{761E50B7-A4C8-468C-9C00-F6AED4A9144D}"
EndProject
Project("{FAE04EC0-301F-11D3-BF4B-00C04F79EFBC}") = "Task3", "Task3\Task3.csproj", "{6F2E643D-3B49-420E-82EB-9CE7FDC68CB3}"
EndProject
Global
	GlobalSection(SolutionConfigurationPlatforms) = preSolution
		Debug|Any CPU = Debug|Any CPU
		Release|Any CPU = Release|Any CPU
	EndGlobalSection
	GlobalSection(ProjectConfigurationPlatforms) = postSolution
		{3F1120DB-8621-42CE-9FDF-10CBDB63E86D}.Debug|Any CPU.ActiveCfg = Debug|Any CPU
		{3F1120DB-8621-42CE-9FDF-10CBDB63E86D}.Debug|Any CPU.Build.0 = Debug|Any CPU
		{3F1120DB-8621-42CE-9FDF-10CBDB63E86D}.Release|Any CPU.ActiveCfg = Release|Any CPU
		{3F1120DB-8621-42CE-9FDF-10CBDB63E86D}.Release|Any CPU.Build.0 = Release|Any CPU
		{761E50B7-A4C8-468C-9C00-F6AED4A9144D}.Debug|Any CPU.ActiveCfg = Debug|Any CPU
		{761E50B7-A4C8-468C-9C00-F6AED4A9144D}.Debug|Any CPU.Build.0 = Debug|Any CPU
		{761E50B7-A4C8-468C-9C00-F6AED4A9144D}.Release|Any CPU.ActiveCfg = Release|Any CPU
		{761E50B7-A4C8-468C-9C00-F6AED4A9144D}.Release|Any CPU.Build.0 = Release|Any CPU
		{6F2E643D-3B49-420E-82EB-9CE7FDC68CB3}.Debug|Any CPU.ActiveCfg = Debug|Any CPU
		{6F2E643D-3B49-420E-82EB-9CE7FDC68CB3}.Debug|Any CPU.Build.0 = Debug|Any CPU
		{6F2E643D-3B49-420E-82EB-9CE7FDC68CB3}.Release|Any CPU.ActiveCfg = Release|Any CPU
		{6F2E643D-3B49-420E-82EB-9CE7FDC68CB3}.Release|Any CPU.Build.0 = Release|Any CPU
	EndGlobalSection
	GlobalSection(SolutionProperties) = preSolution
		HideSolutionNode = FALSE
	EndGlobalSection
	GlobalSection(ExtensibilityGlobals) = postSolution
		SolutionGuid = {1FFD1CBD-72BE-4E45-8901-A95171EDF769}
	EndGlobalSection
EndGlobal
